<?xml version="1.0" encoding="utf-8"?>
<Project ToolsVersion="4.0" xmlns="http://schemas.microsoft.com/developer/msbuild/2003">
  <ItemGroup>
    <Filter Include="Source Files">
      <UniqueIdentifier>{4FC737F1-C7A5-4376-A066-2A32D752A2FF}</UniqueIdentifier>
      <Extensions>cpp;cxx;c;def</Extensions>
    </Filter>
    <Filter Include="Header Files">
      <UniqueIdentifier>{93995380-89BD-4b04-88EB-625FBE52EBFB}</UniqueIdentifier>
      <Extensions>h</Extensions>
    </Filter>
    <Filter Include="Form Files">
      <UniqueIdentifier>{99349809-55BA-4b9d-BF79-8FDBB0286EB3}</UniqueIdentifier>
      <Extensions>ui</Extensions>
    </Filter>
    <Filter Include="Resource Files">
      <UniqueIdentifier>{D9D6E242-F8AF-46E4-B9FD-80ECBC20BA3E}</UniqueIdentifier>
      <Extensions>qrc;*</Extensions>
      <ParseFiles>false</ParseFiles>
    </Filter>
    <Filter Include="Generated Files">
      <UniqueIdentifier>{71ED8ED8-ACB9-4CE9-BBE1-E00B30144E11}</UniqueIdentifier>
      <Extensions>moc;h;cpp</Extensions>
      <SourceControlFiles>False</SourceControlFiles>
    </Filter>
    <Filter Include="Generated Files\Debug">
      <UniqueIdentifier>{1fd2ec0e-919a-4725-9923-8dc0b630ee31}</UniqueIdentifier>
      <Extensions>cpp;moc</Extensions>
      <SourceControlFiles>False</SourceControlFiles>
    </Filter>
    <Filter Include="Generated Files\Release">
      <UniqueIdentifier>{07c63ca1-8c99-4ee2-b2b5-d62484b74b40}</UniqueIdentifier>
      <Extensions>cpp;moc</Extensions>
      <SourceControlFiles>False</SourceControlFiles>
    </Filter>
    <Filter Include="test">
      <UniqueIdentifier>{c17641c4-085d-484f-81be-da5502e2987c}</UniqueIdentifier>
    </Filter>
    <Filter Include="shader">
      <UniqueIdentifier>{2f25d05f-6b0c-4714-8ee3-03cc98b8dc15}</UniqueIdentifier>
    </Filter>
    <Filter Include="Scene Window">
      <UniqueIdentifier>{5dfcbb96-df30-400f-8a97-5d47ca3b2bc6}</UniqueIdentifier>
    </Filter>
  </ItemGroup>
  <ItemGroup>
    <ClCompile Include="main.cpp">
      <Filter>Source Files</Filter>
    </ClCompile>
    <ClCompile Include="gui.cpp">
      <Filter>Source Files</Filter>
    </ClCompile>
    <ClCompile Include="GeneratedFiles\Debug\moc_gui.cpp">
      <Filter>Generated Files\Debug</Filter>
    </ClCompile>
    <ClCompile Include="GeneratedFiles\Release\moc_gui.cpp">
      <Filter>Generated Files\Release</Filter>
    </ClCompile>
    <ClCompile Include="GeneratedFiles\qrc_gui.cpp">
      <Filter>Generated Files</Filter>
    </ClCompile>
    <ClCompile Include="Resources\stb_image_include.cpp">
      <Filter>Resource Files</Filter>
    </ClCompile>
    <ClCompile Include="test\openglwindow.cpp">
      <Filter>test</Filter>
    </ClCompile>
    <ClCompile Include="GeneratedFiles\Debug\moc_openglwindow.cpp">
      <Filter>Generated Files\Debug</Filter>
    </ClCompile>
    <ClCompile Include="GeneratedFiles\Release\moc_openglwindow.cpp">
      <Filter>Generated Files\Release</Filter>
    </ClCompile>
    <ClCompile Include="sunlight.cpp">
      <Filter>Source Files</Filter>
    </ClCompile>
    <ClCompile Include="GeneratedFiles\Debug\moc_sunlight.cpp">
      <Filter>Generated Files\Debug</Filter>
    </ClCompile>
    <ClCompile Include="GeneratedFiles\Release\moc_sunlight.cpp">
      <Filter>Generated Files\Release</Filter>
    </ClCompile>
    <ClCompile Include="GeneratedFiles\Debug\moc_scenewindow.cpp">
      <Filter>Generated Files\Debug</Filter>
    </ClCompile>
    <ClCompile Include="scenewindow.cpp">
      <Filter>Scene Window</Filter>
    </ClCompile>
    <ClCompile Include="GeneratedFiles\Release\moc_scenewindow.cpp">
      <Filter>Generated Files\Release</Filter>
    </ClCompile>
  </ItemGroup>
  <ItemGroup>
    <CustomBuild Include="gui.h">
      <Filter>Header Files</Filter>
    </CustomBuild>
    <CustomBuild Include="gui.ui">
      <Filter>Form Files</Filter>
    </CustomBuild>
    <CustomBuild Include="gui.qrc">
      <Filter>Resource Files</Filter>
    </CustomBuild>
    <CustomBuild Include="test\openglwindow.h">
      <Filter>test</Filter>
    </CustomBuild>
    <CustomBuild Include="sunlight.hpp">
      <Filter>Header Files</Filter>
    </CustomBuild>
    <CustomBuild Include="sunlight.ui">
      <Filter>Form Files</Filter>
    </CustomBuild>
    <CustomBuild Include="scenewindow.h">
      <Filter>Scene Window</Filter>
    </CustomBuild>
  </ItemGroup>
  <ItemGroup>
    <ClInclude Include="GeneratedFiles\ui_gui.h">
      <Filter>Generated Files</Filter>
    </ClInclude>
    <ClInclude Include="resource.h">
      <Filter>Header Files</Filter>
    </ClInclude>
    <ClInclude Include="GeneratedFiles\ui_sunlight.h">
      <Filter>Generated Files</Filter>
    </ClInclude>
    <ClInclude Include="camera.h">
      <Filter>Header Files</Filter>
    </ClInclude>
  </ItemGroup>
  <ItemGroup>
    <ResourceCompile Include="GUI.rc" />
  </ItemGroup>
  <ItemGroup>
    <Image Include="bitmap1.bmp" />
  </ItemGroup>
  <ItemGroup>
    <None Include="shader\coordinate.frag">
      <Filter>shader</Filter>
    </None>
    <None Include="shader\coordinate.vert">
      <Filter>shader</Filter>
    </None>
    <None Include="shader\helio.frag">
      <Filter>shader</Filter>
    </None>
    <None Include="shader\helio.vert">
      <Filter>shader</Filter>
    </None>
    <None Include="shader\land.frag">
      <Filter>shader</Filter>
    </None>
    <None Include="shader\land.vert">
      <Filter>shader</Filter>
    </None>
    <None Include="shader\simple.frag">
      <Filter>shader</Filter>
    </None>
    <None Include="shader\simple.vert">
      <Filter>shader</Filter>
    </None>
    <None Include="shader\skybox.frag">
      <Filter>shader</Filter>
    </None>
    <None Include="shader\skybox.vert">
      <Filter>shader</Filter>
    </None>
  </ItemGroup>
</Project>