<?xml version="1.0" encoding="utf-8"?>
<Project ToolsVersion="4.0" xmlns="http://schemas.microsoft.com/developer/msbuild/2003">
  <ItemGroup>
    <Filter Include="DataStructure">
      <UniqueIdentifier>{74288dc0-e7bd-4d1b-b652-bdca8cac1b0e}</UniqueIdentifier>
    </Filter>
    <Filter Include="Scene">
      <UniqueIdentifier>{fb90e5e0-5632-4f2b-8729-167cea0b6f8b}</UniqueIdentifier>
    </Filter>
    <Filter Include="Common">
      <UniqueIdentifier>{1b67364d-2903-41b9-8933-08cb06db6665}</UniqueIdentifier>
    </Filter>
    <Filter Include="test">
      <UniqueIdentifier>{d6b6a73c-ec77-4cf5-8e12-fc6cda265e60}</UniqueIdentifier>
    </Filter>
  </ItemGroup>
  <ItemGroup>
    <ClInclude Include="grid.h">
      <Filter>DataStructure</Filter>
    </ClInclude>
    <ClInclude Include="heliostat.h">
      <Filter>DataStructure</Filter>
    </ClInclude>
    <ClInclude Include="random_generator.h">
      <Filter>DataStructure</Filter>
    </ClInclude>
    <ClInclude Include="sunray.h">
      <Filter>DataStructure</Filter>
    </ClInclude>
    <ClInclude Include="common_var.h">
      <Filter>Common</Filter>
    </ClInclude>
    <ClInclude Include="solar_scene.h">
      <Filter>Scene</Filter>
    </ClInclude>
    <ClInclude Include="scene_file_proc.h">
      <Filter>Scene</Filter>
    </ClInclude>
    <ClInclude Include="global_function.cuh">
      <Filter>Common</Filter>
    </ClInclude>
    <ClInclude Include="global_constant.h">
      <Filter>Common</Filter>
    </ClInclude>
    <ClInclude Include="vector_arithmetic.cuh">
      <Filter>Common</Filter>
    </ClInclude>
    <ClInclude Include="utils.h">
      <Filter>Common</Filter>
    </ClInclude>
    <ClInclude Include="receiver.cuh">
      <Filter>DataStructure</Filter>
    </ClInclude>
    <ClInclude Include="Gtest.cuh">
      <Filter>test</Filter>
    </ClInclude>
  </ItemGroup>
  <ItemGroup>
    <ClCompile Include="solar_scene.cpp">
      <Filter>Scene</Filter>
    </ClCompile>
    <ClCompile Include="main.cpp">
      <Filter>test</Filter>
    </ClCompile>
    <ClCompile Include="common_var.cpp">
      <Filter>Common</Filter>
    </ClCompile>
    <ClCompile Include="scene_file_proc.cpp">
      <Filter>Scene</Filter>
    </ClCompile>
    <ClCompile Include="receiver.cpp">
      <Filter>DataStructure</Filter>
    </ClCompile>
    <ClCompile Include="heliostat.cpp">
      <Filter>DataStructure</Filter>
    </ClCompile>
    <ClCompile Include="grid.cpp">
      <Filter>DataStructure</Filter>
    </ClCompile>
  </ItemGroup>
  <ItemGroup>
    <CudaCompile Include="receiver.cu">
      <Filter>DataStructure</Filter>
    </CudaCompile>
    <CudaCompile Include="Gtest.cu">
      <Filter>test</Filter>
    </CudaCompile>
  </ItemGroup>
</Project>